
Microsoft Visual Studio Solution File, Format Version 12.00
# Visual Studio Version 17
VisualStudioVersion = 17.7.34221.43
MinimumVisualStudioVersion = 10.0.40219.1
Project("{FAE04EC0-301F-11D3-BF4B-00C04F79EFBC}") = "CombosRestaurantes", "CombosRestaurantes\CombosRestaurantes.csproj", "{413E9EBC-9D92-485E-ADFB-84DB95BF997A}"
EndProject
Global
	GlobalSection(SolutionConfigurationPlatforms) = preSolution
		Debug|Any CPU = Debug|Any CPU
		Release|Any CPU = Release|Any CPU
	EndGlobalSection
	GlobalSection(ProjectConfigurationPlatforms) = postSolution
		{413E9EBC-9D92-485E-ADFB-84DB95BF997A}.Debug|Any CPU.ActiveCfg = Debug|Any CPU
		{413E9EBC-9D92-485E-ADFB-84DB95BF997A}.Debug|Any CPU.Build.0 = Debug|Any CPU
		{413E9EBC-9D92-485E-ADFB-84DB95BF997A}.Release|Any CPU.ActiveCfg = Release|Any CPU
		{413E9EBC-9D92-485E-ADFB-84DB95BF997A}.Release|Any CPU.Build.0 = Release|Any CPU
	EndGlobalSection
	GlobalSection(SolutionProperties) = preSolution
		HideSolutionNode = FALSE
	EndGlobalSection
	GlobalSection(ExtensibilityGlobals) = postSolution
		SolutionGuid = {C95D674D-4188-43BB-B657-3937F3A2A23F}
	EndGlobalSection
EndGlobal
